# This file is automatically @generated by Poetry 1.8.2 and should not be changed by hand.

[[package]]
name = "borrent-parser"
version = "1.0.1"
description = "bencode file decoder/encoder"
optional = false
python-versions = "*"
files = [
    {file = "borrent_parser-1.0.1-py3-none-any.whl", hash = "sha256:b17e1192a82d0ffd3b04ec0bc3eaca830a0f4a1404f003a688bf857a8f2e76b5"},
    {file = "borrent_parser-1.0.1.tar.gz", hash = "sha256:9055be9346cbc2169643a5f83aaba79bab1d805a35372ee4393c95a5827532e9"},
]

[metadata]
lock-version = "2.0"
python-versions = "^3.10"
content-hash = "69ac27cb060820387a75ea7a4ea33471f6595325942585913161c130e4cdd6c8"
